
Microsoft Visual Studio Solution File, Format Version 12.00
# Visual Studio Version 17
VisualStudioVersion = 17.8.34408.163
MinimumVisualStudioVersion = 10.0.40219.1
Project("{FAE04EC0-301F-11D3-BF4B-00C04F79EFBC}") = "SolidISP", "SolidISP\SolidISP.csproj", "{34586C2C-DC26-4E4C-809A-3DA9BD6C85B2}"
EndProject
Project("{2150E333-8FDC-42A3-9474-1A3956D46DE8}") = "Domain", "Domain", "{42B0CA47-8941-4D86-94A0-62E73EFA57C6}"
EndProject
Project("{FAE04EC0-301F-11D3-BF4B-00C04F79EFBC}") = "Domain", "Domain\Domain.csproj", "{F5DA2CAB-BAA8-4540-81B2-CA4FBF6C5F8C}"
EndProject
Project("{2150E333-8FDC-42A3-9474-1A3956D46DE8}") = "Interfaces", "Interfaces", "{735910D3-2030-4C4C-A37F-ED4F7CB24BCC}"
EndProject
Project("{FAE04EC0-301F-11D3-BF4B-00C04F79EFBC}") = "IRepository", "IRepository\IRepository.csproj", "{E51F552C-5308-4EF1-9F1A-EBFE1B889C11}"
EndProject
Global
	GlobalSection(SolutionConfigurationPlatforms) = preSolution
		Debug|Any CPU = Debug|Any CPU
		Release|Any CPU = Release|Any CPU
	EndGlobalSection
	GlobalSection(ProjectConfigurationPlatforms) = postSolution
		{34586C2C-DC26-4E4C-809A-3DA9BD6C85B2}.Debug|Any CPU.ActiveCfg = Debug|Any CPU
		{34586C2C-DC26-4E4C-809A-3DA9BD6C85B2}.Debug|Any CPU.Build.0 = Debug|Any CPU
		{34586C2C-DC26-4E4C-809A-3DA9BD6C85B2}.Release|Any CPU.ActiveCfg = Release|Any CPU
		{34586C2C-DC26-4E4C-809A-3DA9BD6C85B2}.Release|Any CPU.Build.0 = Release|Any CPU
		{F5DA2CAB-BAA8-4540-81B2-CA4FBF6C5F8C}.Debug|Any CPU.ActiveCfg = Debug|Any CPU
		{F5DA2CAB-BAA8-4540-81B2-CA4FBF6C5F8C}.Debug|Any CPU.Build.0 = Debug|Any CPU
		{F5DA2CAB-BAA8-4540-81B2-CA4FBF6C5F8C}.Release|Any CPU.ActiveCfg = Release|Any CPU
		{F5DA2CAB-BAA8-4540-81B2-CA4FBF6C5F8C}.Release|Any CPU.Build.0 = Release|Any CPU
		{E51F552C-5308-4EF1-9F1A-EBFE1B889C11}.Debug|Any CPU.ActiveCfg = Debug|Any CPU
		{E51F552C-5308-4EF1-9F1A-EBFE1B889C11}.Debug|Any CPU.Build.0 = Debug|Any CPU
		{E51F552C-5308-4EF1-9F1A-EBFE1B889C11}.Release|Any CPU.ActiveCfg = Release|Any CPU
		{E51F552C-5308-4EF1-9F1A-EBFE1B889C11}.Release|Any CPU.Build.0 = Release|Any CPU
	EndGlobalSection
	GlobalSection(SolutionProperties) = preSolution
		HideSolutionNode = FALSE
	EndGlobalSection
	GlobalSection(NestedProjects) = preSolution
		{F5DA2CAB-BAA8-4540-81B2-CA4FBF6C5F8C} = {42B0CA47-8941-4D86-94A0-62E73EFA57C6}
		{E51F552C-5308-4EF1-9F1A-EBFE1B889C11} = {735910D3-2030-4C4C-A37F-ED4F7CB24BCC}
	EndGlobalSection
	GlobalSection(ExtensibilityGlobals) = postSolution
		SolutionGuid = {83130CB1-B0DB-426A-ADA1-CCF784F8DB7B}
	EndGlobalSection
EndGlobal
